// !$*UTF8*$!
{
	archiveVersion = 1;
	classes = {
	};
	objectVersion = 46;
	objects = {

/* Begin PBXBuildFile section */
		18818F011DAB2BD40063EB64 /* SecViewController.m in Sources */ = {isa = PBXBuildFile; fileRef = 18818F001DAB2BD40063EB64 /* SecViewController.m */; };
		18818F0A1DAB88320063EB64 /* Person.m in Sources */ = {isa = PBXBuildFile; fileRef = 18818F091DAB88320063EB64 /* Person.m */; };
		18818F101DAB89CD0063EB64 /* Car.m in Sources */ = {isa = PBXBuildFile; fileRef = 18818F0F1DAB89CD0063EB64 /* Car.m */; };
		18818F131DAC85FF0063EB64 /* NetWorkTools.m in Sources */ = {isa = PBXBuildFile; fileRef = 18818F121DAC85FF0063EB64 /* NetWorkTools.m */; };
		18B6B2041D9925C80048D293 /* main.m in Sources */ = {isa = PBXBuildFile; fileRef = 18B6B2031D9925C80048D293 /* main.m */; };
		18B6B2071D9925C80048D293 /* AppDelegate.m in Sources */ = {isa = PBXBuildFile; fileRef = 18B6B2061D9925C80048D293 /* AppDelegate.m */; };
		18B6B20A1D9925C80048D293 /* ViewController.m in Sources */ = {isa = PBXBuildFile; fileRef = 18B6B2091D9925C80048D293 /* ViewController.m */; };
		18B6B20D1D9925C80048D293 /* Main.storyboard in Resources */ = {isa = PBXBuildFile; fileRef = 18B6B20B1D9925C80048D293 /* Main.storyboard */; };
		18B6B20F1D9925C80048D293 /* Assets.xcassets in Resources */ = {isa = PBXBuildFile; fileRef = 18B6B20E1D9925C80048D293 /* Assets.xcassets */; };
		18B6B2121D9925C80048D293 /* LaunchScreen.storyboard in Resources */ = {isa = PBXBuildFile; fileRef = 18B6B2101D9925C80048D293 /* LaunchScreen.storyboard */; };
		18B6B21D1D9925C80048D293 /* ____Tests.m in Sources */ = {isa = PBXBuildFile; fileRef = 18B6B21C1D9925C80048D293 /* ____Tests.m */; };
		18B6B2281D9925C80048D293 /* ____UITests.m in Sources */ = {isa = PBXBuildFile; fileRef = 18B6B2271D9925C80048D293 /* ____UITests.m */; };
		18B6B24D1D9927120048D293 /* MLeakedObjectProxy.m in Sources */ = {isa = PBXBuildFile; fileRef = 18B6B2371D9927120048D293 /* MLeakedObjectProxy.m */; };
		18B6B24E1D9927120048D293 /* MLeaksMessenger.m in Sources */ = {isa = PBXBuildFile; fileRef = 18B6B23A1D9927120048D293 /* MLeaksMessenger.m */; };
		18B6B24F1D9927120048D293 /* NSObject+MemoryLeak.m in Sources */ = {isa = PBXBuildFile; fileRef = 18B6B23C1D9927120048D293 /* NSObject+MemoryLeak.m */; };
		18B6B2501D9927120048D293 /* UIApplication+MemoryLeak.m in Sources */ = {isa = PBXBuildFile; fileRef = 18B6B23E1D9927120048D293 /* UIApplication+MemoryLeak.m */; };
		18B6B2511D9927120048D293 /* UINavigationController+MemoryLeak.m in Sources */ = {isa = PBXBuildFile; fileRef = 18B6B2401D9927120048D293 /* UINavigationController+MemoryLeak.m */; };
		18B6B2521D9927120048D293 /* UIPageViewController+MemoryLeak.m in Sources */ = {isa = PBXBuildFile; fileRef = 18B6B2421D9927120048D293 /* UIPageViewController+MemoryLeak.m */; };
		18B6B2531D9927120048D293 /* UISplitViewController+MemoryLeak.m in Sources */ = {isa = PBXBuildFile; fileRef = 18B6B2441D9927120048D293 /* UISplitViewController+MemoryLeak.m */; };
		18B6B2541D9927120048D293 /* UITabBarController+MemoryLeak.m in Sources */ = {isa = PBXBuildFile; fileRef = 18B6B2461D9927120048D293 /* UITabBarController+MemoryLeak.m */; };
		18B6B2551D9927120048D293 /* UITouch+MemoryLeak.m in Sources */ = {isa = PBXBuildFile; fileRef = 18B6B2481D9927120048D293 /* UITouch+MemoryLeak.m */; };
		18B6B2561D9927120048D293 /* UIView+MemoryLeak.m in Sources */ = {isa = PBXBuildFile; fileRef = 18B6B24A1D9927120048D293 /* UIView+MemoryLeak.m */; };
		18B6B2571D9927120048D293 /* UIViewController+MemoryLeak.m in Sources */ = {isa = PBXBuildFile; fileRef = 18B6B24C1D9927120048D293 /* UIViewController+MemoryLeak.m */; };
/* End PBXBuildFile section */

/* Begin PBXContainerItemProxy section */
		18B6B2191D9925C80048D293 /* PBXContainerItemProxy */ = {
			isa = PBXContainerItemProxy;
			containerPortal = 18B6B1F71D9925C80048D293 /* Project object */;
			proxyType = 1;
			remoteGlobalIDString = 18B6B1FE1D9925C80048D293;
			remoteInfo = "循环引用";
		};
		18B6B2241D9925C80048D293 /* PBXContainerItemProxy */ = {
			isa = PBXContainerItemProxy;
			containerPortal = 18B6B1F71D9925C80048D293 /* Project object */;
			proxyType = 1;
			remoteGlobalIDString = 18B6B1FE1D9925C80048D293;
			remoteInfo = "循环引用";
		};
/* End PBXContainerItemProxy section */

/* Begin PBXFileReference section */
		18818EFF1DAB2BD40063EB64 /* SecViewController.h */ = {isa = PBXFileReference; fileEncoding = 4; lastKnownFileType = sourcecode.c.h; path = SecViewController.h; sourceTree = "<group>"; };
		18818F001DAB2BD40063EB64 /* SecViewController.m */ = {isa = PBXFileReference; fileEncoding = 4; lastKnownFileType = sourcecode.c.objc; path = SecViewController.m; sourceTree = "<group>"; };
		18818F081DAB88320063EB64 /* Person.h */ = {isa = PBXFileReference; fileEncoding = 4; lastKnownFileType = sourcecode.c.h; path = Person.h; sourceTree = "<group>"; };
		18818F091DAB88320063EB64 /* Person.m */ = {isa = PBXFileReference; fileEncoding = 4; lastKnownFileType = sourcecode.c.objc; path = Person.m; sourceTree = "<group>"; };
		18818F0E1DAB89CD0063EB64 /* Car.h */ = {isa = PBXFileReference; fileEncoding = 4; lastKnownFileType = sourcecode.c.h; path = Car.h; sourceTree = "<group>"; };
		18818F0F1DAB89CD0063EB64 /* Car.m */ = {isa = PBXFileReference; fileEncoding = 4; lastKnownFileType = sourcecode.c.objc; path = Car.m; sourceTree = "<group>"; };
		18818F111DAC85FF0063EB64 /* NetWorkTools.h */ = {isa = PBXFileReference; fileEncoding = 4; lastKnownFileType = sourcecode.c.h; path = NetWorkTools.h; sourceTree = "<group>"; };
		18818F121DAC85FF0063EB64 /* NetWorkTools.m */ = {isa = PBXFileReference; fileEncoding = 4; lastKnownFileType = sourcecode.c.objc; path = NetWorkTools.m; sourceTree = "<group>"; };
		18B6B1FF1D9925C80048D293 /* 循环引用.app */ = {isa = PBXFileReference; explicitFileType = wrapper.application; includeInIndex = 0; path = "循环引用.app"; sourceTree = BUILT_PRODUCTS_DIR; };
		18B6B2031D9925C80048D293 /* main.m */ = {isa = PBXFileReference; lastKnownFileType = sourcecode.c.objc; path = main.m; sourceTree = "<group>"; };
		18B6B2051D9925C80048D293 /* AppDelegate.h */ = {isa = PBXFileReference; lastKnownFileType = sourcecode.c.h; path = AppDelegate.h; sourceTree = "<group>"; };
		18B6B2061D9925C80048D293 /* AppDelegate.m */ = {isa = PBXFileReference; lastKnownFileType = sourcecode.c.objc; path = AppDelegate.m; sourceTree = "<group>"; };
		18B6B2081D9925C80048D293 /* ViewController.h */ = {isa = PBXFileReference; lastKnownFileType = sourcecode.c.h; path = ViewController.h; sourceTree = "<group>"; };
		18B6B2091D9925C80048D293 /* ViewController.m */ = {isa = PBXFileReference; lastKnownFileType = sourcecode.c.objc; path = ViewController.m; sourceTree = "<group>"; };
		18B6B20C1D9925C80048D293 /* Base */ = {isa = PBXFileReference; lastKnownFileType = file.storyboard; name = Base; path = Base.lproj/Main.storyboard; sourceTree = "<group>"; };
		18B6B20E1D9925C80048D293 /* Assets.xcassets */ = {isa = PBXFileReference; lastKnownFileType = folder.assetcatalog; path = Assets.xcassets; sourceTree = "<group>"; };
		18B6B2111D9925C80048D293 /* Base */ = {isa = PBXFileReference; lastKnownFileType = file.storyboard; name = Base; path = Base.lproj/LaunchScreen.storyboard; sourceTree = "<group>"; };
		18B6B2131D9925C80048D293 /* Info.plist */ = {isa = PBXFileReference; lastKnownFileType = text.plist.xml; path = Info.plist; sourceTree = "<group>"; };
		18B6B2181D9925C80048D293 /* 循环引用Tests.xctest */ = {isa = PBXFileReference; explicitFileType = wrapper.cfbundle; includeInIndex = 0; path = "循环引用Tests.xctest"; sourceTree = BUILT_PRODUCTS_DIR; };
		18B6B21C1D9925C80048D293 /* ____Tests.m */ = {isa = PBXFileReference; lastKnownFileType = sourcecode.c.objc; path = "____Tests.m"; sourceTree = "<group>"; };
		18B6B21E1D9925C80048D293 /* Info.plist */ = {isa = PBXFileReference; lastKnownFileType = text.plist.xml; path = Info.plist; sourceTree = "<group>"; };
		18B6B2231D9925C80048D293 /* 循环引用UITests.xctest */ = {isa = PBXFileReference; explicitFileType = wrapper.cfbundle; includeInIndex = 0; path = "循环引用UITests.xctest"; sourceTree = BUILT_PRODUCTS_DIR; };
		18B6B2271D9925C80048D293 /* ____UITests.m */ = {isa = PBXFileReference; lastKnownFileType = sourcecode.c.objc; path = "____UITests.m"; sourceTree = "<group>"; };
		18B6B2291D9925C80048D293 /* Info.plist */ = {isa = PBXFileReference; lastKnownFileType = text.plist.xml; path = Info.plist; sourceTree = "<group>"; };
		18B6B2361D9927120048D293 /* MLeakedObjectProxy.h */ = {isa = PBXFileReference; fileEncoding = 4; lastKnownFileType = sourcecode.c.h; path = MLeakedObjectProxy.h; sourceTree = "<group>"; };
		18B6B2371D9927120048D293 /* MLeakedObjectProxy.m */ = {isa = PBXFileReference; fileEncoding = 4; lastKnownFileType = sourcecode.c.objc; path = MLeakedObjectProxy.m; sourceTree = "<group>"; };
		18B6B2381D9927120048D293 /* MLeaksFinder.h */ = {isa = PBXFileReference; fileEncoding = 4; lastKnownFileType = sourcecode.c.h; path = MLeaksFinder.h; sourceTree = "<group>"; };
		18B6B2391D9927120048D293 /* MLeaksMessenger.h */ = {isa = PBXFileReference; fileEncoding = 4; lastKnownFileType = sourcecode.c.h; path = MLeaksMessenger.h; sourceTree = "<group>"; };
		18B6B23A1D9927120048D293 /* MLeaksMessenger.m */ = {isa = PBXFileReference; fileEncoding = 4; lastKnownFileType = sourcecode.c.objc; path = MLeaksMessenger.m; sourceTree = "<group>"; };
		18B6B23B1D9927120048D293 /* NSObject+MemoryLeak.h */ = {isa = PBXFileReference; fileEncoding = 4; lastKnownFileType = sourcecode.c.h; path = "NSObject+MemoryLeak.h"; sourceTree = "<group>"; };
		18B6B23C1D9927120048D293 /* NSObject+MemoryLeak.m */ = {isa = PBXFileReference; fileEncoding = 4; lastKnownFileType = sourcecode.c.objc; path = "NSObject+MemoryLeak.m"; sourceTree = "<group>"; };
		18B6B23D1D9927120048D293 /* UIApplication+MemoryLeak.h */ = {isa = PBXFileReference; fileEncoding = 4; lastKnownFileType = sourcecode.c.h; path = "UIApplication+MemoryLeak.h"; sourceTree = "<group>"; };
		18B6B23E1D9927120048D293 /* UIApplication+MemoryLeak.m */ = {isa = PBXFileReference; fileEncoding = 4; lastKnownFileType = sourcecode.c.objc; path = "UIApplication+MemoryLeak.m"; sourceTree = "<group>"; };
		18B6B23F1D9927120048D293 /* UINavigationController+MemoryLeak.h */ = {isa = PBXFileReference; fileEncoding = 4; lastKnownFileType = sourcecode.c.h; path = "UINavigationController+MemoryLeak.h"; sourceTree = "<group>"; };
		18B6B2401D9927120048D293 /* UINavigationController+MemoryLeak.m */ = {isa = PBXFileReference; fileEncoding = 4; lastKnownFileType = sourcecode.c.objc; path = "UINavigationController+MemoryLeak.m"; sourceTree = "<group>"; };
		18B6B2411D9927120048D293 /* UIPageViewController+MemoryLeak.h */ = {isa = PBXFileReference; fileEncoding = 4; lastKnownFileType = sourcecode.c.h; path = "UIPageViewController+MemoryLeak.h"; sourceTree = "<group>"; };
		18B6B2421D9927120048D293 /* UIPageViewController+MemoryLeak.m */ = {isa = PBXFileReference; fileEncoding = 4; lastKnownFileType = sourcecode.c.objc; path = "UIPageViewController+MemoryLeak.m"; sourceTree = "<group>"; };
		18B6B2431D9927120048D293 /* UISplitViewController+MemoryLeak.h */ = {isa = PBXFileReference; fileEncoding = 4; lastKnownFileType = sourcecode.c.h; path = "UISplitViewController+MemoryLeak.h"; sourceTree = "<group>"; };
		18B6B2441D9927120048D293 /* UISplitViewController+MemoryLeak.m */ = {isa = PBXFileReference; fileEncoding = 4; lastKnownFileType = sourcecode.c.objc; path = "UISplitViewController+MemoryLeak.m"; sourceTree = "<group>"; };
		18B6B2451D9927120048D293 /* UITabBarController+MemoryLeak.h */ = {isa = PBXFileReference; fileEncoding = 4; lastKnownFileType = sourcecode.c.h; path = "UITabBarController+MemoryLeak.h"; sourceTree = "<group>"; };
		18B6B2461D9927120048D293 /* UITabBarController+MemoryLeak.m */ = {isa = PBXFileReference; fileEncoding = 4; lastKnownFileType = sourcecode.c.objc; path = "UITabBarController+MemoryLeak.m"; sourceTree = "<group>"; };
		18B6B2471D9927120048D293 /* UITouch+MemoryLeak.h */ = {isa = PBXFileReference; fileEncoding = 4; lastKnownFileType = sourcecode.c.h; path = "UITouch+MemoryLeak.h"; sourceTree = "<group>"; };
		18B6B2481D9927120048D293 /* UITouch+MemoryLeak.m */ = {isa = PBXFileReference; fileEncoding = 4; lastKnownFileType = sourcecode.c.objc; path = "UITouch+MemoryLeak.m"; sourceTree = "<group>"; };
		18B6B2491D9927120048D293 /* UIView+MemoryLeak.h */ = {isa = PBXFileReference; fileEncoding = 4; lastKnownFileType = sourcecode.c.h; path = "UIView+MemoryLeak.h"; sourceTree = "<group>"; };
		18B6B24A1D9927120048D293 /* UIView+MemoryLeak.m */ = {isa = PBXFileReference; fileEncoding = 4; lastKnownFileType = sourcecode.c.objc; path = "UIView+MemoryLeak.m"; sourceTree = "<group>"; };
		18B6B24B1D9927120048D293 /* UIViewController+MemoryLeak.h */ = {isa = PBXFileReference; fileEncoding = 4; lastKnownFileType = sourcecode.c.h; path = "UIViewController+MemoryLeak.h"; sourceTree = "<group>"; };
		18B6B24C1D9927120048D293 /* UIViewController+MemoryLeak.m */ = {isa = PBXFileReference; fileEncoding = 4; lastKnownFileType = sourcecode.c.objc; path = "UIViewController+MemoryLeak.m"; sourceTree = "<group>"; };
/* End PBXFileReference section */

/* Begin PBXFrameworksBuildPhase section */
		18B6B1FC1D9925C80048D293 /* Frameworks */ = {
			isa = PBXFrameworksBuildPhase;
			buildActionMask = 2147483647;
			files = (
			);
			runOnlyForDeploymentPostprocessing = 0;
		};
		18B6B2151D9925C80048D293 /* Frameworks */ = {
			isa = PBXFrameworksBuildPhase;
			buildActionMask = 2147483647;
			files = (
			);
			runOnlyForDeploymentPostprocessing = 0;
		};
		18B6B2201D9925C80048D293 /* Frameworks */ = {
			isa = PBXFrameworksBuildPhase;
			buildActionMask = 2147483647;
			files = (
			);
			runOnlyForDeploymentPostprocessing = 0;
		};
/* End PBXFrameworksBuildPhase section */

/* Begin PBXGroup section */
		18B6B1F61D9925C80048D293 = {
			isa = PBXGroup;
			children = (
				18B6B2011D9925C80048D293 /* 循环引用 */,
				18B6B21B1D9925C80048D293 /* 循环引用Tests */,
				18B6B2261D9925C80048D293 /* 循环引用UITests */,
				18B6B2001D9925C80048D293 /* Products */,
			);
			sourceTree = "<group>";
		};
		18B6B2001D9925C80048D293 /* Products */ = {
			isa = PBXGroup;
			children = (
				18B6B1FF1D9925C80048D293 /* 循环引用.app */,
				18B6B2181D9925C80048D293 /* 循环引用Tests.xctest */,
				18B6B2231D9925C80048D293 /* 循环引用UITests.xctest */,
			);
			name = Products;
			sourceTree = "<group>";
		};
		18B6B2011D9925C80048D293 /* 循环引用 */ = {
			isa = PBXGroup;
			children = (
				18B6B2351D9927120048D293 /* MLeaksFinder */,
				18B6B2051D9925C80048D293 /* AppDelegate.h */,
				18B6B2061D9925C80048D293 /* AppDelegate.m */,
				18B6B2081D9925C80048D293 /* ViewController.h */,
				18B6B2091D9925C80048D293 /* ViewController.m */,
				18818EFF1DAB2BD40063EB64 /* SecViewController.h */,
				18818F001DAB2BD40063EB64 /* SecViewController.m */,
				18818F081DAB88320063EB64 /* Person.h */,
				18818F091DAB88320063EB64 /* Person.m */,
				18818F0E1DAB89CD0063EB64 /* Car.h */,
				18818F0F1DAB89CD0063EB64 /* Car.m */,
				18818F111DAC85FF0063EB64 /* NetWorkTools.h */,
				18818F121DAC85FF0063EB64 /* NetWorkTools.m */,
				18B6B20B1D9925C80048D293 /* Main.storyboard */,
				18B6B20E1D9925C80048D293 /* Assets.xcassets */,
				18B6B2101D9925C80048D293 /* LaunchScreen.storyboard */,
				18B6B2131D9925C80048D293 /* Info.plist */,
				18B6B2021D9925C80048D293 /* Supporting Files */,
			);
			path = "循环引用";
			sourceTree = "<group>";
		};
		18B6B2021D9925C80048D293 /* Supporting Files */ = {
			isa = PBXGroup;
			children = (
				18B6B2031D9925C80048D293 /* main.m */,
			);
			name = "Supporting Files";
			sourceTree = "<group>";
		};
		18B6B21B1D9925C80048D293 /* 循环引用Tests */ = {
			isa = PBXGroup;
			children = (
				18B6B21C1D9925C80048D293 /* ____Tests.m */,
				18B6B21E1D9925C80048D293 /* Info.plist */,
			);
			path = "循环引用Tests";
			sourceTree = "<group>";
		};
		18B6B2261D9925C80048D293 /* 循环引用UITests */ = {
			isa = PBXGroup;
			children = (
				18B6B2271D9925C80048D293 /* ____UITests.m */,
				18B6B2291D9925C80048D293 /* Info.plist */,
			);
			path = "循环引用UITests";
			sourceTree = "<group>";
		};
		18B6B2351D9927120048D293 /* MLeaksFinder */ = {
			isa = PBXGroup;
			children = (
				18B6B2361D9927120048D293 /* MLeakedObjectProxy.h */,
				18B6B2371D9927120048D293 /* MLeakedObjectProxy.m */,
				18B6B2381D9927120048D293 /* MLeaksFinder.h */,
				18B6B2391D9927120048D293 /* MLeaksMessenger.h */,
				18B6B23A1D9927120048D293 /* MLeaksMessenger.m */,
				18B6B23B1D9927120048D293 /* NSObject+MemoryLeak.h */,
				18B6B23C1D9927120048D293 /* NSObject+MemoryLeak.m */,
				18B6B23D1D9927120048D293 /* UIApplication+MemoryLeak.h */,
				18B6B23E1D9927120048D293 /* UIApplication+MemoryLeak.m */,
				18B6B23F1D9927120048D293 /* UINavigationController+MemoryLeak.h */,
				18B6B2401D9927120048D293 /* UINavigationController+MemoryLeak.m */,
				18B6B2411D9927120048D293 /* UIPageViewController+MemoryLeak.h */,
				18B6B2421D9927120048D293 /* UIPageViewController+MemoryLeak.m */,
				18B6B2431D9927120048D293 /* UISplitViewController+MemoryLeak.h */,
				18B6B2441D9927120048D293 /* UISplitViewController+MemoryLeak.m */,
				18B6B2451D9927120048D293 /* UITabBarController+MemoryLeak.h */,
				18B6B2461D9927120048D293 /* UITabBarController+MemoryLeak.m */,
				18B6B2471D9927120048D293 /* UITouch+MemoryLeak.h */,
				18B6B2481D9927120048D293 /* UITouch+MemoryLeak.m */,
				18B6B2491D9927120048D293 /* UIView+MemoryLeak.h */,
				18B6B24A1D9927120048D293 /* UIView+MemoryLeak.m */,
				18B6B24B1D9927120048D293 /* UIViewController+MemoryLeak.h */,
				18B6B24C1D9927120048D293 /* UIViewController+MemoryLeak.m */,
			);
			path = MLeaksFinder;
			sourceTree = "<group>";
		};
/* End PBXGroup section */

/* Begin PBXNativeTarget section */
		18B6B1FE1D9925C80048D293 /* 循环引用 */ = {
			isa = PBXNativeTarget;
			buildConfigurationList = 18B6B22C1D9925C80048D293 /* Build configuration list for PBXNativeTarget "循环引用" */;
			buildPhases = (
				18B6B1FB1D9925C80048D293 /* Sources */,
				18B6B1FC1D9925C80048D293 /* Frameworks */,
				18B6B1FD1D9925C80048D293 /* Resources */,
			);
			buildRules = (
			);
			dependencies = (
			);
			name = "循环引用";
			productName = "循环引用";
			productReference = 18B6B1FF1D9925C80048D293 /* 循环引用.app */;
			productType = "com.apple.product-type.application";
		};
		18B6B2171D9925C80048D293 /* 循环引用Tests */ = {
			isa = PBXNativeTarget;
			buildConfigurationList = 18B6B22F1D9925C80048D293 /* Build configuration list for PBXNativeTarget "循环引用Tests" */;
			buildPhases = (
				18B6B2141D9925C80048D293 /* Sources */,
				18B6B2151D9925C80048D293 /* Frameworks */,
				18B6B2161D9925C80048D293 /* Resources */,
			);
			buildRules = (
			);
			dependencies = (
				18B6B21A1D9925C80048D293 /* PBXTargetDependency */,
			);
			name = "循环引用Tests";
			productName = "循环引用Tests";
			productReference = 18B6B2181D9925C80048D293 /* 循环引用Tests.xctest */;
			productType = "com.apple.product-type.bundle.unit-test";
		};
		18B6B2221D9925C80048D293 /* 循环引用UITests */ = {
			isa = PBXNativeTarget;
			buildConfigurationList = 18B6B2321D9925C80048D293 /* Build configuration list for PBXNativeTarget "循环引用UITests" */;
			buildPhases = (
				18B6B21F1D9925C80048D293 /* Sources */,
				18B6B2201D9925C80048D293 /* Frameworks */,
				18B6B2211D9925C80048D293 /* Resources */,
			);
			buildRules = (
			);
			dependencies = (
				18B6B2251D9925C80048D293 /* PBXTargetDependency */,
			);
			name = "循环引用UITests";
			productName = "循环引用UITests";
			productReference = 18B6B2231D9925C80048D293 /* 循环引用UITests.xctest */;
			productType = "com.apple.product-type.bundle.ui-testing";
		};
/* End PBXNativeTarget section */

/* Begin PBXProject section */
		18B6B1F71D9925C80048D293 /* Project object */ = {
			isa = PBXProject;
			attributes = {
				LastUpgradeCheck = 0800;
				ORGANIZATIONNAME = apple;
				TargetAttributes = {
					18B6B1FE1D9925C80048D293 = {
						CreatedOnToolsVersion = 8.0;
						ProvisioningStyle = Automatic;
					};
					18B6B2171D9925C80048D293 = {
						CreatedOnToolsVersion = 8.0;
						ProvisioningStyle = Automatic;
						TestTargetID = 18B6B1FE1D9925C80048D293;
					};
					18B6B2221D9925C80048D293 = {
						CreatedOnToolsVersion = 8.0;
						ProvisioningStyle = Automatic;
						TestTargetID = 18B6B1FE1D9925C80048D293;
					};
				};
			};
			buildConfigurationList = 18B6B1FA1D9925C80048D293 /* Build configuration list for PBXProject "循环引用" */;
			compatibilityVersion = "Xcode 3.2";
			developmentRegion = English;
			hasScannedForEncodings = 0;
			knownRegions = (
				en,
				Base,
			);
			mainGroup = 18B6B1F61D9925C80048D293;
			productRefGroup = 18B6B2001D9925C80048D293 /* Products */;
			projectDirPath = "";
			projectRoot = "";
			targets = (
				18B6B1FE1D9925C80048D293 /* 循环引用 */,
				18B6B2171D9925C80048D293 /* 循环引用Tests */,
				18B6B2221D9925C80048D293 /* 循环引用UITests */,
			);
		};
/* End PBXProject section */

/* Begin PBXResourcesBuildPhase section */
		18B6B1FD1D9925C80048D293 /* Resources */ = {
			isa = PBXResourcesBuildPhase;
			buildActionMask = 2147483647;
			files = (
				18B6B2121D9925C80048D293 /* LaunchScreen.storyboard in Resources */,
				18B6B20F1D9925C80048D293 /* Assets.xcassets in Resources */,
				18B6B20D1D9925C80048D293 /* Main.storyboard in Resources */,
			);
			runOnlyForDeploymentPostprocessing = 0;
		};
		18B6B2161D9925C80048D293 /* Resources */ = {
			isa = PBXResourcesBuildPhase;
			buildActionMask = 2147483647;
			files = (
			);
			runOnlyForDeploymentPostprocessing = 0;
		};
		18B6B2211D9925C80048D293 /* Resources */ = {
			isa = PBXResourcesBuildPhase;
			buildActionMask = 2147483647;
			files = (
			);
			runOnlyForDeploymentPostprocessing = 0;
		};
/* End PBXResourcesBuildPhase section */

/* Begin PBXSourcesBuildPhase section */
		18B6B1FB1D9925C80048D293 /* Sources */ = {
			isa = PBXSourcesBuildPhase;
			buildActionMask = 2147483647;
			files = (
				18B6B20A1D9925C80048D293 /* ViewController.m in Sources */,
				18B6B2541D9927120048D293 /* UITabBarController+MemoryLeak.m in Sources */,
				18B6B2511D9927120048D293 /* UINavigationController+MemoryLeak.m in Sources */,
				18818F011DAB2BD40063EB64 /* SecViewController.m in Sources */,
				18B6B24F1D9927120048D293 /* NSObject+MemoryLeak.m in Sources */,
				18B6B2561D9927120048D293 /* UIView+MemoryLeak.m in Sources */,
				18B6B2071D9925C80048D293 /* AppDelegate.m in Sources */,
				18B6B2551D9927120048D293 /* UITouch+MemoryLeak.m in Sources */,
				18B6B2041D9925C80048D293 /* main.m in Sources */,
				18B6B24D1D9927120048D293 /* MLeakedObjectProxy.m in Sources */,
				18818F0A1DAB88320063EB64 /* Person.m in Sources */,
				18B6B2501D9927120048D293 /* UIApplication+MemoryLeak.m in Sources */,
				18B6B2521D9927120048D293 /* UIPageViewController+MemoryLeak.m in Sources */,
				18B6B24E1D9927120048D293 /* MLeaksMessenger.m in Sources */,
				18818F131DAC85FF0063EB64 /* NetWorkTools.m in Sources */,
				18818F101DAB89CD0063EB64 /* Car.m in Sources */,
				18B6B2571D9927120048D293 /* UIViewController+MemoryLeak.m in Sources */,
				18B6B2531D9927120048D293 /* UISplitViewController+MemoryLeak.m in Sources */,
			);
			runOnlyForDeploymentPostprocessing = 0;
		};
		18B6B2141D9925C80048D293 /* Sources */ = {
			isa = PBXSourcesBuildPhase;
			buildActionMask = 2147483647;
			files = (
				18B6B21D1D9925C80048D293 /* ____Tests.m in Sources */,
			);
			runOnlyForDeploymentPostprocessing = 0;
		};
		18B6B21F1D9925C80048D293 /* Sources */ = {
			isa = PBXSourcesBuildPhase;
			buildActionMask = 2147483647;
			files = (
				18B6B2281D9925C80048D293 /* ____UITests.m in Sources */,
			);
			runOnlyForDeploymentPostprocessing = 0;
		};
/* End PBXSourcesBuildPhase section */

/* Begin PBXTargetDependency section */
		18B6B21A1D9925C80048D293 /* PBXTargetDependency */ = {
			isa = PBXTargetDependency;
			target = 18B6B1FE1D9925C80048D293 /* 循环引用 */;
			targetProxy = 18B6B2191D9925C80048D293 /* PBXContainerItemProxy */;
		};
		18B6B2251D9925C80048D293 /* PBXTargetDependency */ = {
			isa = PBXTargetDependency;
			target = 18B6B1FE1D9925C80048D293 /* 循环引用 */;
			targetProxy = 18B6B2241D9925C80048D293 /* PBXContainerItemProxy */;
		};
/* End PBXTargetDependency section */

/* Begin PBXVariantGroup section */
		18B6B20B1D9925C80048D293 /* Main.storyboard */ = {
			isa = PBXVariantGroup;
			children = (
				18B6B20C1D9925C80048D293 /* Base */,
			);
			name = Main.storyboard;
			sourceTree = "<group>";
		};
		18B6B2101D9925C80048D293 /* LaunchScreen.storyboard */ = {
			isa = PBXVariantGroup;
			children = (
				18B6B2111D9925C80048D293 /* Base */,
			);
			name = LaunchScreen.storyboard;
			sourceTree = "<group>";
		};
/* End PBXVariantGroup section */

/* Begin XCBuildConfiguration section */
		18B6B22A1D9925C80048D293 /* Debug */ = {
			isa = XCBuildConfiguration;
			buildSettings = {
				ALWAYS_SEARCH_USER_PATHS = NO;
				CLANG_ANALYZER_NONNULL = YES;
				CLANG_CXX_LANGUAGE_STANDARD = "gnu++0x";
				CLANG_CXX_LIBRARY = "libc++";
				CLANG_ENABLE_MODULES = YES;
				CLANG_ENABLE_OBJC_ARC = YES;
				CLANG_WARN_BOOL_CONVERSION = YES;
				CLANG_WARN_CONSTANT_CONVERSION = YES;
				CLANG_WARN_DIRECT_OBJC_ISA_USAGE = YES_ERROR;
				CLANG_WARN_DOCUMENTATION_COMMENTS = YES;
				CLANG_WARN_EMPTY_BODY = YES;
				CLANG_WARN_ENUM_CONVERSION = YES;
				CLANG_WARN_INFINITE_RECURSION = YES;
				CLANG_WARN_INT_CONVERSION = YES;
				CLANG_WARN_OBJC_ROOT_CLASS = YES_ERROR;
				CLANG_WARN_SUSPICIOUS_MOVES = YES;
				CLANG_WARN_UNREACHABLE_CODE = YES;
				CLANG_WARN__DUPLICATE_METHOD_MATCH = YES;
				"CODE_SIGN_IDENTITY[sdk=iphoneos*]" = "iPhone Developer";
				COPY_PHASE_STRIP = NO;
				DEBUG_INFORMATION_FORMAT = dwarf;
				ENABLE_STRICT_OBJC_MSGSEND = YES;
				ENABLE_TESTABILITY = YES;
				GCC_C_LANGUAGE_STANDARD = gnu99;
				GCC_DYNAMIC_NO_PIC = NO;
				GCC_NO_COMMON_BLOCKS = YES;
				GCC_OPTIMIZATION_LEVEL = 0;
				GCC_PREPROCESSOR_DEFINITIONS = (
					"DEBUG=1",
					"$(inherited)",
				);
				GCC_WARN_64_TO_32_BIT_CONVERSION = YES;
				GCC_WARN_ABOUT_RETURN_TYPE = YES_ERROR;
				GCC_WARN_UNDECLARED_SELECTOR = YES;
				GCC_WARN_UNINITIALIZED_AUTOS = YES_AGGRESSIVE;
				GCC_WARN_UNUSED_FUNCTION = YES;
				GCC_WARN_UNUSED_VARIABLE = YES;
				IPHONEOS_DEPLOYMENT_TARGET = 10.0;
				MTL_ENABLE_DEBUG_INFO = YES;
				ONLY_ACTIVE_ARCH = YES;
				SDKROOT = iphoneos;
			};
			name = Debug;
		};
		18B6B22B1D9925C80048D293 /* Release */ = {
			isa = XCBuildConfiguration;
			buildSettings = {
				ALWAYS_SEARCH_USER_PATHS = NO;
				CLANG_ANALYZER_NONNULL = YES;
				CLANG_CXX_LANGUAGE_STANDARD = "gnu++0x";
				CLANG_CXX_LIBRARY = "libc++";
				CLANG_ENABLE_MODULES = YES;
				CLANG_ENABLE_OBJC_ARC = YES;
				CLANG_WARN_BOOL_CONVERSION = YES;
				CLANG_WARN_CONSTANT_CONVERSION = YES;
				CLANG_WARN_DIRECT_OBJC_ISA_USAGE = YES_ERROR;
				CLANG_WARN_DOCUMENTATION_COMMENTS = YES;
				CLANG_WARN_EMPTY_BODY = YES;
				CLANG_WARN_ENUM_CONVERSION = YES;
				CLANG_WARN_INFINITE_RECURSION = YES;
				CLANG_WARN_INT_CONVERSION = YES;
				CLANG_WARN_OBJC_ROOT_CLASS = YES_ERROR;
				CLANG_WARN_SUSPICIOUS_MOVES = YES;
				CLANG_WARN_UNREACHABLE_CODE = YES;
				CLANG_WARN__DUPLICATE_METHOD_MATCH = YES;
				"CODE_SIGN_IDENTITY[sdk=iphoneos*]" = "iPhone Developer";
				COPY_PHASE_STRIP = NO;
				DEBUG_INFORMATION_FORMAT = "dwarf-with-dsym";
				ENABLE_NS_ASSERTIONS = NO;
				ENABLE_STRICT_OBJC_MSGSEND = YES;
				GCC_C_LANGUAGE_STANDARD = gnu99;
				GCC_NO_COMMON_BLOCKS = YES;
				GCC_WARN_64_TO_32_BIT_CONVERSION = YES;
				GCC_WARN_ABOUT_RETURN_TYPE = YES_ERROR;
				GCC_WARN_UNDECLARED_SELECTOR = YES;
				GCC_WARN_UNINITIALIZED_AUTOS = YES_AGGRESSIVE;
				GCC_WARN_UNUSED_FUNCTION = YES;
				GCC_WARN_UNUSED_VARIABLE = YES;
				IPHONEOS_DEPLOYMENT_TARGET = 10.0;
				MTL_ENABLE_DEBUG_INFO = NO;
				SDKROOT = iphoneos;
				VALIDATE_PRODUCT = YES;
			};
			name = Release;
		};
		18B6B22D1D9925C80048D293 /* Debug */ = {
			isa = XCBuildConfiguration;
			buildSettings = {
				ASSETCATALOG_COMPILER_APPICON_NAME = AppIcon;
				INFOPLIST_FILE = "循环引用/Info.plist";
				LD_RUNPATH_SEARCH_PATHS = "$(inherited) @executable_path/Frameworks";
				PRODUCT_BUNDLE_IDENTIFIER = "uiwebview.----";
				PRODUCT_NAME = "$(TARGET_NAME)";
			};
			name = Debug;
		};
		18B6B22E1D9925C80048D293 /* Release */ = {
			isa = XCBuildConfiguration;
			buildSettings = {
				ASSETCATALOG_COMPILER_APPICON_NAME = AppIcon;
				INFOPLIST_FILE = "循环引用/Info.plist";
				LD_RUNPATH_SEARCH_PATHS = "$(inherited) @executable_path/Frameworks";
				PRODUCT_BUNDLE_IDENTIFIER = "uiwebview.----";
				PRODUCT_NAME = "$(TARGET_NAME)";
			};
			name = Release;
		};
		18B6B2301D9925C80048D293 /* Debug */ = {
			isa = XCBuildConfiguration;
			buildSettings = {
				BUNDLE_LOADER = "$(TEST_HOST)";
				INFOPLIST_FILE = "循环引用Tests/Info.plist";
				LD_RUNPATH_SEARCH_PATHS = "$(inherited) @executable_path/Frameworks @loader_path/Frameworks";
				PRODUCT_BUNDLE_IDENTIFIER = "uiwebview.----Tests";
				PRODUCT_NAME = "$(TARGET_NAME)";
				TEST_HOST = "$(BUILT_PRODUCTS_DIR)/循环引用.app/循环引用";
			};
			name = Debug;
		};
		18B6B2311D9925C80048D293 /* Release */ = {
			isa = XCBuildConfiguration;
			buildSettings = {
				BUNDLE_LOADER = "$(TEST_HOST)";
				INFOPLIST_FILE = "循环引用Tests/Info.plist";
				LD_RUNPATH_SEARCH_PATHS = "$(inherited) @executable_path/Frameworks @loader_path/Frameworks";
				PRODUCT_BUNDLE_IDENTIFIER = "uiwebview.----Tests";
				PRODUCT_NAME = "$(TARGET_NAME)";
				TEST_HOST = "$(BUILT_PRODUCTS_DIR)/循环引用.app/循环引用";
			};
			name = Release;
		};
		18B6B2331D9925C80048D293 /* Debug */ = {
			isa = XCBuildConfiguration;
			buildSettings = {
				INFOPLIST_FILE = "循环引用UITests/Info.plist";
				LD_RUNPATH_SEARCH_PATHS = "$(inherited) @executable_path/Frameworks @loader_path/Frameworks";
				PRODUCT_BUNDLE_IDENTIFIER = "uiwebview.----UITests";
				PRODUCT_NAME = "$(TARGET_NAME)";
				TEST_TARGET_NAME = "循环引用";
			};
			name = Debug;
		};
		18B6B2341D9925C80048D293 /* Release */ = {
			isa = XCBuildConfiguration;
			buildSettings = {
				INFOPLIST_FILE = "循环引用UITests/Info.plist";
				LD_RUNPATH_SEARCH_PATHS = "$(inherited) @executable_path/Frameworks @loader_path/Frameworks";
				PRODUCT_BUNDLE_IDENTIFIER = "uiwebview.----UITests";
				PRODUCT_NAME = "$(TARGET_NAME)";
				TEST_TARGET_NAME = "循环引用";
			};
			name = Release;
		};
/* End XCBuildConfiguration section */

/* Begin XCConfigurationList section */
		18B6B1FA1D9925C80048D293 /* Build configuration list for PBXProject "循环引用" */ = {
			isa = XCConfigurationList;
			buildConfigurations = (
				18B6B22A1D9925C80048D293 /* Debug */,
				18B6B22B1D9925C80048D293 /* Release */,
			);
			defaultConfigurationIsVisible = 0;
			defaultConfigurationName = Release;
		};
		18B6B22C1D9925C80048D293 /* Build configuration list for PBXNativeTarget "循环引用" */ = {
			isa = XCConfigurationList;
			buildConfigurations = (
				18B6B22D1D9925C80048D293 /* Debug */,
				18B6B22E1D9925C80048D293 /* Release */,
			);
			defaultConfigurationIsVisible = 0;
			defaultConfigurationName = Release;
		};
		18B6B22F1D9925C80048D293 /* Build configuration list for PBXNativeTarget "循环引用Tests" */ = {
			isa = XCConfigurationList;
			buildConfigurations = (
				18B6B2301D9925C80048D293 /* Debug */,
				18B6B2311D9925C80048D293 /* Release */,
			);
			defaultConfigurationIsVisible = 0;
			defaultConfigurationName = Release;
		};
		18B6B2321D9925C80048D293 /* Build configuration list for PBXNativeTarget "循环引用UITests" */ = {
			isa = XCConfigurationList;
			buildConfigurations = (
				18B6B2331D9925C80048D293 /* Debug */,
				18B6B2341D9925C80048D293 /* Release */,
			);
			defaultConfigurationIsVisible = 0;
			defaultConfigurationName = Release;
		};
/* End XCConfigurationList section */
	};
	rootObject = 18B6B1F71D9925C80048D293 /* Project object */;
}
